<?xml version="1.0" encoding="utf-8"?>
<Project ToolsVersion="4.0" xmlns="http://schemas.microsoft.com/developer/msbuild/2003">
  <ItemGroup>
    <Filter Include="Source Files">
      <UniqueIdentifier>{4FC737F1-C7A5-4376-A066-2A32D752A2FF}</UniqueIdentifier>
      <Extensions>cpp;c;cc;cxx;c++;def;odl;idl;hpj;bat;asm;asmx</Extensions>
    </Filter>
    <Filter Include="Source Files\unity_test_platform">
      <UniqueIdentifier>{1983f70a-4112-48a9-8107-edba02b201a6}</UniqueIdentifier>
    </Filter>
    <Filter Include="Source Files\ezApp">
      <UniqueIdentifier>{5c398910-7453-4cf8-ab75-f41b4a862dec}</UniqueIdentifier>
    </Filter>
    <Filter Include="Source Files\ezApp\binCmdParser">
      <UniqueIdentifier>{14112117-d114-4c85-9a3c-abab8782e2cc}</UniqueIdentifier>
    </Filter>
    <Filter Include="Source Files\ezApp\ezCli">
      <UniqueIdentifier>{89209f77-e865-4cc3-bce0-ed4654414166}</UniqueIdentifier>
    </Filter>
    <Filter Include="Source Files\ezApp\ezDataModel">
      <UniqueIdentifier>{2cd8462e-2bb7-4970-9eac-7b7352f97097}</UniqueIdentifier>
    </Filter>
    <Filter Include="Source Files\ezApp\ezDriver">
      <UniqueIdentifier>{2e160255-2b18-4384-b8bf-172bcd025c69}</UniqueIdentifier>
    </Filter>
    <Filter Include="Source Files\ezApp\ezKernel">
      <UniqueIdentifier>{14ca1056-1049-4f03-97c3-f3206df0df28}</UniqueIdentifier>
    </Filter>
    <Filter Include="Source Files\ezApp\ezmDriver">
      <UniqueIdentifier>{1aca6c83-0013-46a3-afda-41f73e5101e5}</UniqueIdentifier>
    </Filter>
    <Filter Include="Source Files\ezApp\ezmIpc">
      <UniqueIdentifier>{42abf52e-6262-4e03-ac97-299c1e9dc53f}</UniqueIdentifier>
    </Filter>
    <Filter Include="Source Files\ezApp\ezmKernel">
      <UniqueIdentifier>{fcf89567-c5f0-432e-ba2b-1c0feb25a04c}</UniqueIdentifier>
    </Filter>
    <Filter Include="Source Files\ezApp\ezRpc">
      <UniqueIdentifier>{fffa3a48-4094-4b88-b769-ecac8e9783eb}</UniqueIdentifier>
    </Filter>
    <Filter Include="Source Files\ezApp\ezScheduler">
      <UniqueIdentifier>{26c8a226-bbe5-4565-bd6b-272616c0571e}</UniqueIdentifier>
    </Filter>
    <Filter Include="Source Files\ezApp\ezStateMachine">
      <UniqueIdentifier>{16393086-308a-4e91-9ff9-1edf8140cfeb}</UniqueIdentifier>
    </Filter>
    <Filter Include="Source Files\ezApp\ezDriver\test">
      <UniqueIdentifier>{e8038ca5-6480-46d1-b7a9-f3cc1c6cf594}</UniqueIdentifier>
    </Filter>
    <Filter Include="Source Files\ezApp\ezRpc\unit_test">
      <UniqueIdentifier>{66ffe1a7-acf1-4e74-a8b2-0fa35170edb6}</UniqueIdentifier>
    </Filter>
    <Filter Include="Source Files\ezApp\ezKernel\unit_test">
      <UniqueIdentifier>{36e7dce4-a3b1-4b17-806b-b7d894169ef4}</UniqueIdentifier>
    </Filter>
    <Filter Include="Source Files\ezHal">
      <UniqueIdentifier>{3ad76244-b414-4c89-bd1f-d34589c6ce26}</UniqueIdentifier>
    </Filter>
    <Filter Include="Source Files\ezHal\uart">
      <UniqueIdentifier>{b30949af-1e11-4e7a-afb4-2545d1d27014}</UniqueIdentifier>
    </Filter>
    <Filter Include="Source Files\ezHal\wifi_controller">
      <UniqueIdentifier>{87478664-5f06-4850-a870-1e4d1c6de227}</UniqueIdentifier>
    </Filter>
    <Filter Include="Source Files\ezHal\network">
      <UniqueIdentifier>{c34528df-c9c8-49d2-a43e-c08000f0a993}</UniqueIdentifier>
    </Filter>
    <Filter Include="Source Files\ezHal\network\mqtt">
      <UniqueIdentifier>{498cd2f0-144a-4735-ad03-c76321eb65ac}</UniqueIdentifier>
    </Filter>
    <Filter Include="Source Files\ezConfig">
      <UniqueIdentifier>{3b175494-d5cb-4d6c-a0b1-7c7e3feb7725}</UniqueIdentifier>
    </Filter>
    <Filter Include="Source Files\ezTargets">
      <UniqueIdentifier>{ce76c551-9fa7-45f5-92ea-8d2e0de52ccd}</UniqueIdentifier>
    </Filter>
    <Filter Include="Source Files\ezTargets\simulator">
      <UniqueIdentifier>{97ab554e-9fed-4f38-909c-ebff2660ca30}</UniqueIdentifier>
    </Filter>
    <Filter Include="Source Files\ezTargets\simulator\flash">
      <UniqueIdentifier>{2acd557c-ae4a-4c51-8ae9-fc092be9d772}</UniqueIdentifier>
    </Filter>
    <Filter Include="Source Files\ezTargets\simulator\uart">
      <UniqueIdentifier>{f066faf8-5141-4a30-b537-6a7877737c70}</UniqueIdentifier>
    </Filter>
    <Filter Include="Source Files\ezTargets\simulator\wifi_controller">
      <UniqueIdentifier>{e22d2d1a-04cd-49d5-a36f-8d690676e4e3}</UniqueIdentifier>
    </Filter>
    <Filter Include="Source Files\ezTargets\simulator\virtual_com">
      <UniqueIdentifier>{b68afd2d-9d83-480e-b6b5-04900f630c47}</UniqueIdentifier>
    </Filter>
    <Filter Include="Source Files\ezUtilities">
      <UniqueIdentifier>{6ff18ae1-66ea-408f-a12b-e06976d889af}</UniqueIdentifier>
    </Filter>
    <Filter Include="Source Files\ezUtilities\ezmAssert">
      <UniqueIdentifier>{8607bce4-30a1-4650-99e7-18893553967f}</UniqueIdentifier>
    </Filter>
    <Filter Include="Source Files\ezUtilities\hexdump">
      <UniqueIdentifier>{5b36ecd0-de44-425b-944c-a04fd9d1d396}</UniqueIdentifier>
    </Filter>
    <Filter Include="Source Files\ezUtilities\linked_list">
      <UniqueIdentifier>{d1f9805a-a55a-4874-8d02-3412c9b14378}</UniqueIdentifier>
    </Filter>
    <Filter Include="Source Files\ezUtilities\ring_buffer">
      <UniqueIdentifier>{f4bfc553-45c3-4819-9790-df6548e52788}</UniqueIdentifier>
    </Filter>
    <Filter Include="Source Files\ezUtilities\smalloc">
      <UniqueIdentifier>{bb18918c-82ff-4448-915b-5b73219450c4}</UniqueIdentifier>
    </Filter>
    <Filter Include="Source Files\ezUtilities\stcmem">
      <UniqueIdentifier>{a0cb07a6-a579-449b-9957-d5c24d1feeb2}</UniqueIdentifier>
    </Filter>
    <Filter Include="Source Files\ezUtilities\system_error">
      <UniqueIdentifier>{a58fff17-4b19-425d-a7af-5155a1dea7cf}</UniqueIdentifier>
    </Filter>
    <Filter Include="Source Files\ezUtilities\logging">
      <UniqueIdentifier>{e9175cfd-dcaf-4f6b-996d-57d836f97ca8}</UniqueIdentifier>
    </Filter>
    <Filter Include="Source Files\ezUtilities\event_notifier">
      <UniqueIdentifier>{b574796a-873a-4b17-8a84-aa9441d74fde}</UniqueIdentifier>
    </Filter>
    <Filter Include="Source Files\ezUtilities\ez_queue">
      <UniqueIdentifier>{03beacfa-b5da-4f78-b497-b27e20bf8cb5}</UniqueIdentifier>
    </Filter>
    <Filter Include="Source Files\ezUtilities\ez_queue\test">
      <UniqueIdentifier>{8397988e-fa5f-4962-8dde-87be7bc776d5}</UniqueIdentifier>
    </Filter>
  </ItemGroup>
  <ItemGroup>
    <ClCompile Include="..\..\ezmsdk\unity_test_platform\unity.c">
      <Filter>Source Files\unity_test_platform</Filter>
    </ClCompile>
    <ClCompile Include="main.c">
      <Filter>Source Files</Filter>
    </ClCompile>
    <ClCompile Include="..\..\ezmsdk\unity_test_platform\unity_fixture.c">
      <Filter>Source Files\unity_test_platform</Filter>
    </ClCompile>
    <ClCompile Include="..\..\ezmsdk\unity_test_platform\unity_memory.c">
      <Filter>Source Files\unity_test_platform</Filter>
    </ClCompile>
    <ClCompile Include="..\..\ezmsdk\ezApp\binCmdParser\binCmdParser.c">
      <Filter>Source Files\ezApp\binCmdParser</Filter>
    </ClCompile>
    <ClCompile Include="..\..\ezmsdk\ezApp\cli\cli.c">
      <Filter>Source Files\ezApp\ezCli</Filter>
    </ClCompile>
    <ClCompile Include="..\..\ezmsdk\ezApp\data_model\data_model.c">
      <Filter>Source Files\ezApp\ezDataModel</Filter>
    </ClCompile>
    <ClCompile Include="..\..\ezmsdk\ezApp\ezDriver\ezDriver.c">
      <Filter>Source Files\ezApp\ezDriver</Filter>
    </ClCompile>
    <ClCompile Include="..\..\ezmsdk\ezApp\ezDriver\dummy_driver.c">
      <Filter>Source Files\ezApp\ezDriver</Filter>
    </ClCompile>
    <ClCompile Include="..\..\ezmsdk\ezApp\ezKernel\ezKernel.c">
      <Filter>Source Files\ezApp\ezKernel</Filter>
    </ClCompile>
    <ClCompile Include="..\..\ezmsdk\ezApp\ezmDriver\driver.c">
      <Filter>Source Files\ezApp\ezmDriver</Filter>
    </ClCompile>
    <ClCompile Include="..\..\ezmsdk\ezApp\ezmIpc\ezmIpc.c">
      <Filter>Source Files\ezApp\ezmIpc</Filter>
    </ClCompile>
    <ClCompile Include="..\..\ezmsdk\ezApp\ezmKernel\ezmKernel.c">
      <Filter>Source Files\ezApp\ezmKernel</Filter>
    </ClCompile>
    <ClCompile Include="..\..\ezmsdk\ezApp\ezRpc\ezRpc.c">
      <Filter>Source Files\ezApp\ezRpc</Filter>
    </ClCompile>
    <ClCompile Include="..\..\ezmsdk\ezApp\scheduler\scheduler.c">
      <Filter>Source Files\ezApp\ezScheduler</Filter>
    </ClCompile>
    <ClCompile Include="..\..\ezmsdk\ezApp\statemachine\statemachine.c">
      <Filter>Source Files\ezApp\ezStateMachine</Filter>
    </ClCompile>
    <ClCompile Include="..\..\ezmsdk\ezApp\ezDriver\test\Test_ezDriver.c">
      <Filter>Source Files\ezApp\ezDriver\test</Filter>
    </ClCompile>
    <ClCompile Include="..\..\ezmsdk\ezApp\ezDriver\test\Test_ezDriver_Runner.c">
      <Filter>Source Files\ezApp\ezDriver\test</Filter>
    </ClCompile>
    <ClCompile Include="..\..\ezmsdk\ezApp\ezRpc\test\test_ezRpc.c">
      <Filter>Source Files\ezApp\ezRpc\unit_test</Filter>
    </ClCompile>
    <ClCompile Include="..\..\ezmsdk\ezApp\ezRpc\test\Test_ezRpc_Runner.c">
      <Filter>Source Files\ezApp\ezRpc\unit_test</Filter>
    </ClCompile>
    <ClCompile Include="..\..\ezmsdk\ezApp\ezKernel\test\Test_ezKernel.c">
      <Filter>Source Files\ezApp\ezKernel\unit_test</Filter>
    </ClCompile>
    <ClCompile Include="..\..\ezmsdk\ezApp\ezKernel\test\Test_ezKernel_Runner.c">
      <Filter>Source Files\ezApp\ezKernel\unit_test</Filter>
    </ClCompile>
    <ClCompile Include="..\..\ezmsdk\ezApp\ezSdk.c">
      <Filter>Source Files\ezApp</Filter>
    </ClCompile>
    <ClCompile Include="..\..\ezmsdk\ezHal\wifi_controller\wifi_controller.c">
      <Filter>Source Files\ezHal\wifi_controller</Filter>
    </ClCompile>
    <ClCompile Include="..\..\ezmsdk\ezHal\uart\uart.c">
      <Filter>Source Files\ezHal\uart</Filter>
    </ClCompile>
    <ClCompile Include="..\..\ezmsdk\ezHal\network\mqtt\mqtt.c">
      <Filter>Source Files\ezHal\network\mqtt</Filter>
    </ClCompile>
    <ClCompile Include="..\..\ezmsdk\ezTargets\simulator\flash\flash_simulator.c">
      <Filter>Source Files\ezTargets\simulator\flash</Filter>
    </ClCompile>
    <ClCompile Include="..\..\ezmsdk\ezTargets\simulator\uart\uart_sim.c">
      <Filter>Source Files\ezTargets\simulator\uart</Filter>
    </ClCompile>
    <ClCompile Include="..\..\ezmsdk\ezTargets\simulator\virtual_com\virtual_com_driver.c">
      <Filter>Source Files\ezTargets\simulator\virtual_com</Filter>
    </ClCompile>
    <ClCompile Include="..\..\ezmsdk\ezTargets\simulator\wifi_controller\wifi_controller_sim.c">
      <Filter>Source Files\ezTargets\simulator\wifi_controller</Filter>
    </ClCompile>
    <ClCompile Include="..\..\ezmsdk\ezUtilities\event_notifier\event_notifier.c">
      <Filter>Source Files\ezUtilities\event_notifier</Filter>
    </ClCompile>
    <ClCompile Include="..\..\ezmsdk\ezUtilities\ez_queue\ez_queue.c">
      <Filter>Source Files\ezUtilities\ez_queue</Filter>
    </ClCompile>
    <ClCompile Include="..\..\ezmsdk\ezUtilities\ez_queue\test\Test_ezQueue.c">
      <Filter>Source Files\ezUtilities\ez_queue\test</Filter>
    </ClCompile>
    <ClCompile Include="..\..\ezmsdk\ezUtilities\ez_queue\test\Test_ezQueue_Runner.c">
      <Filter>Source Files\ezUtilities\ez_queue\test</Filter>
    </ClCompile>
    <ClCompile Include="..\..\ezmsdk\ezUtilities\ezmAssert\ezmAssert.c">
      <Filter>Source Files\ezUtilities\ezmAssert</Filter>
    </ClCompile>
    <ClCompile Include="..\..\ezmsdk\ezUtilities\hexdump\hexdump.c">
      <Filter>Source Files\ezUtilities\hexdump</Filter>
    </ClCompile>
    <ClCompile Include="..\..\ezmsdk\ezUtilities\linked_list\linked_list.c">
      <Filter>Source Files\ezUtilities\linked_list</Filter>
    </ClCompile>
    <ClCompile Include="..\..\ezmsdk\ezUtilities\logging\logging.c">
      <Filter>Source Files\ezUtilities\logging</Filter>
    </ClCompile>
    <ClCompile Include="..\..\ezmsdk\ezUtilities\ring_buffer\ring_buffer.c">
      <Filter>Source Files\ezUtilities\ring_buffer</Filter>
    </ClCompile>
    <ClCompile Include="..\..\ezmsdk\ezUtilities\smalloc\smalloc.c">
      <Filter>Source Files\ezUtilities\smalloc</Filter>
    </ClCompile>
    <ClCompile Include="..\..\ezmsdk\ezUtilities\stcmem\stcmem.c">
      <Filter>Source Files\ezUtilities\stcmem</Filter>
    </ClCompile>
    <ClCompile Include="..\..\ezmsdk\ezUtilities\system_error\system_error.c">
      <Filter>Source Files\ezUtilities\system_error</Filter>
    </ClCompile>
  </ItemGroup>
  <ItemGroup>
    <ClInclude Include="..\..\ezmsdk\unity_test_platform\unity.h">
      <Filter>Source Files\unity_test_platform</Filter>
    </ClInclude>
    <ClInclude Include="..\..\ezmsdk\unity_test_platform\unity_internals.h">
      <Filter>Source Files\unity_test_platform</Filter>
    </ClInclude>
    <ClInclude Include="..\..\ezmsdk\unity_test_platform\unity_fixture.h">
      <Filter>Source Files\unity_test_platform</Filter>
    </ClInclude>
    <ClInclude Include="..\..\ezmsdk\unity_test_platform\unity_fixture_internals.h">
      <Filter>Source Files\unity_test_platform</Filter>
    </ClInclude>
    <ClInclude Include="..\..\ezmsdk\unity_test_platform\unity_memory.h">
      <Filter>Source Files\unity_test_platform</Filter>
    </ClInclude>
    <ClInclude Include="..\..\ezmsdk\ezApp\binCmdParser\binCmdParser.h">
      <Filter>Source Files\ezApp\binCmdParser</Filter>
    </ClInclude>
    <ClInclude Include="..\..\ezmsdk\ezApp\cli\cli.h">
      <Filter>Source Files\ezApp\ezCli</Filter>
    </ClInclude>
    <ClInclude Include="..\..\ezmsdk\ezApp\data_model\data_model.h">
      <Filter>Source Files\ezApp\ezDataModel</Filter>
    </ClInclude>
    <ClInclude Include="..\..\ezmsdk\ezApp\ezDriver\ezDriver.h">
      <Filter>Source Files\ezApp\ezDriver</Filter>
    </ClInclude>
    <ClInclude Include="..\..\ezmsdk\ezApp\ezDriver\dummy_driver.h">
      <Filter>Source Files\ezApp\ezDriver</Filter>
    </ClInclude>
    <ClInclude Include="..\..\ezmsdk\ezApp\ezKernel\ezKernel.h">
      <Filter>Source Files\ezApp\ezKernel</Filter>
    </ClInclude>
    <ClInclude Include="..\..\ezmsdk\ezApp\ezmDriver\driver.h">
      <Filter>Source Files\ezApp\ezmDriver</Filter>
    </ClInclude>
    <ClInclude Include="..\..\ezmsdk\ezApp\ezmIpc\ezmIpc.h">
      <Filter>Source Files\ezApp\ezmIpc</Filter>
    </ClInclude>
    <ClInclude Include="..\..\ezmsdk\ezApp\ezmIpc\ezmIpc_conf.h">
      <Filter>Source Files\ezApp\ezmIpc</Filter>
    </ClInclude>
    <ClInclude Include="..\..\ezmsdk\ezApp\ezmKernel\ezmKernel.h">
      <Filter>Source Files\ezApp\ezmKernel</Filter>
    </ClInclude>
    <ClInclude Include="..\..\ezmsdk\ezApp\ezRpc\ezRpc.h">
      <Filter>Source Files\ezApp\ezRpc</Filter>
    </ClInclude>
    <ClInclude Include="..\..\ezmsdk\ezApp\scheduler\scheduler.h">
      <Filter>Source Files\ezApp\ezScheduler</Filter>
    </ClInclude>
    <ClInclude Include="..\..\ezmsdk\ezApp\statemachine\statemachine.h">
      <Filter>Source Files\ezApp\ezStateMachine</Filter>
    </ClInclude>
    <ClInclude Include="..\..\ezmsdk\ezApp\ezSdk.h">
      <Filter>Source Files\ezApp</Filter>
    </ClInclude>
    <ClInclude Include="..\..\ezmsdk\ezApp\ezSdk_config.h">
      <Filter>Source Files\ezApp</Filter>
    </ClInclude>
    <ClInclude Include="..\..\ezmsdk\ezHal\wifi_controller\wifi_controller.h">
      <Filter>Source Files\ezHal\wifi_controller</Filter>
    </ClInclude>
    <ClInclude Include="..\..\ezmsdk\ezHal\uart\uart.h">
      <Filter>Source Files\ezHal\uart</Filter>
    </ClInclude>
    <ClInclude Include="..\..\ezmsdk\ezHal\network\mqtt\mqtt.h">
      <Filter>Source Files\ezHal\network\mqtt</Filter>
    </ClInclude>
    <ClInclude Include="..\..\ezmsdk\ezTargets\simulator\flash\flash_simulator.h">
      <Filter>Source Files\ezTargets\simulator\flash</Filter>
    </ClInclude>
    <ClInclude Include="..\..\ezmsdk\ezTargets\simulator\uart\uart_sim.h">
      <Filter>Source Files\ezTargets\simulator\uart</Filter>
    </ClInclude>
    <ClInclude Include="..\..\ezmsdk\ezTargets\simulator\virtual_com\virtual_com_driver.h">
      <Filter>Source Files\ezTargets\simulator\virtual_com</Filter>
    </ClInclude>
    <ClInclude Include="..\..\ezmsdk\ezTargets\simulator\wifi_controller\wifi_controller_sim.h">
      <Filter>Source Files\ezTargets\simulator\wifi_controller</Filter>
    </ClInclude>
    <ClInclude Include="..\..\ezmsdk\ezConfig\sdkconfig.h">
      <Filter>Source Files\ezConfig</Filter>
    </ClInclude>
    <ClInclude Include="..\..\ezmsdk\ezUtilities\event_notifier\event_notifier.h">
      <Filter>Source Files\ezUtilities\event_notifier</Filter>
    </ClInclude>
    <ClInclude Include="..\..\ezmsdk\ezUtilities\ez_queue\ez_queue.h">
      <Filter>Source Files\ezUtilities\ez_queue</Filter>
    </ClInclude>
    <ClInclude Include="..\..\ezmsdk\ezUtilities\ezmAssert\ezmAssert.h">
      <Filter>Source Files\ezUtilities\ezmAssert</Filter>
    </ClInclude>
    <ClInclude Include="..\..\ezmsdk\ezUtilities\hexdump\hexdump.h">
      <Filter>Source Files\ezUtilities\hexdump</Filter>
    </ClInclude>
    <ClInclude Include="..\..\ezmsdk\ezUtilities\linked_list\linked_list.h">
      <Filter>Source Files\ezUtilities\linked_list</Filter>
    </ClInclude>
    <ClInclude Include="..\..\ezmsdk\ezUtilities\logging\logging.h">
      <Filter>Source Files\ezUtilities\logging</Filter>
    </ClInclude>
    <ClInclude Include="..\..\ezmsdk\ezUtilities\ring_buffer\ring_buffer.h">
      <Filter>Source Files\ezUtilities\ring_buffer</Filter>
    </ClInclude>
    <ClInclude Include="..\..\ezmsdk\ezUtilities\smalloc\smalloc.h">
      <Filter>Source Files\ezUtilities\smalloc</Filter>
    </ClInclude>
    <ClInclude Include="..\..\ezmsdk\ezUtilities\stcmem\stcmem.h">
      <Filter>Source Files\ezUtilities\stcmem</Filter>
    </ClInclude>
    <ClInclude Include="..\..\ezmsdk\ezUtilities\system_error\system_error.h">
      <Filter>Source Files\ezUtilities\system_error</Filter>
    </ClInclude>
    <ClInclude Include="..\..\ezmsdk\ezUtilities\system_error\system_error_table.h">
      <Filter>Source Files\ezUtilities\system_error</Filter>
    </ClInclude>
  </ItemGroup>
  <ItemGroup>
    <None Include="..\..\ezmsdk\ezConfig\Kconfig">
      <Filter>Source Files\ezConfig</Filter>
    </None>
  </ItemGroup>
</Project>