<?xml version="1.0" encoding="utf-8"?>
<Project ToolsVersion="4.0" xmlns="http://schemas.microsoft.com/developer/msbuild/2003">
  <ItemGroup>
    <Filter Include="Source Files">
      <UniqueIdentifier>{4FC737F1-C7A5-4376-A066-2A32D752A2FF}</UniqueIdentifier>
      <Extensions>cpp;c;cc;cxx;c++;def;odl;idl;hpj;bat;asm;asmx</Extensions>
    </Filter>
    <Filter Include="Source Files\app">
      <UniqueIdentifier>{4f3e93c8-8460-4e70-b19e-967a214163ae}</UniqueIdentifier>
    </Filter>
    <Filter Include="Source Files\binCmdParser">
      <UniqueIdentifier>{b671200d-6457-4320-be29-27a802cb0904}</UniqueIdentifier>
    </Filter>
    <Filter Include="Source Files\cli">
      <UniqueIdentifier>{28109014-e781-4852-883d-e0a124b191f4}</UniqueIdentifier>
    </Filter>
    <Filter Include="Source Files\ezmDebug">
      <UniqueIdentifier>{5fe250a0-6390-47bb-b91e-d576d18c0edb}</UniqueIdentifier>
    </Filter>
    <Filter Include="Source Files\ezmIpc">
      <UniqueIdentifier>{7bf95d2e-9715-4c28-a03b-fe3d39a7914f}</UniqueIdentifier>
    </Filter>
    <Filter Include="Source Files\scheduler">
      <UniqueIdentifier>{6ae0099d-2518-4e7d-9e81-aa9e2c78689c}</UniqueIdentifier>
    </Filter>
    <Filter Include="Source Files\statemachine">
      <UniqueIdentifier>{9b624c5e-cbb2-46c3-af8e-9ca5d22c4235}</UniqueIdentifier>
    </Filter>
    <Filter Include="Source Files\hal">
      <UniqueIdentifier>{3ad76244-b414-4c89-bd1f-d34589c6ce26}</UniqueIdentifier>
    </Filter>
    <Filter Include="Source Files\hal\uart">
      <UniqueIdentifier>{b30949af-1e11-4e7a-afb4-2545d1d27014}</UniqueIdentifier>
    </Filter>
    <Filter Include="Source Files\ezmKernel">
      <UniqueIdentifier>{4a81b923-0631-4fcf-8091-505b57217a1a}</UniqueIdentifier>
    </Filter>
    <Filter Include="Source Files\ezmDriver">
      <UniqueIdentifier>{25879416-665b-4b27-801c-db85fd8e2b27}</UniqueIdentifier>
    </Filter>
    <Filter Include="Source Files\platforms">
      <UniqueIdentifier>{ce76c551-9fa7-45f5-92ea-8d2e0de52ccd}</UniqueIdentifier>
    </Filter>
    <Filter Include="Source Files\platforms\simulator">
      <UniqueIdentifier>{97ab554e-9fed-4f38-909c-ebff2660ca30}</UniqueIdentifier>
    </Filter>
    <Filter Include="Source Files\platforms\simulator\flash">
      <UniqueIdentifier>{2acd557c-ae4a-4c51-8ae9-fc092be9d772}</UniqueIdentifier>
    </Filter>
    <Filter Include="Source Files\platforms\simulator\uart">
      <UniqueIdentifier>{f066faf8-5141-4a30-b537-6a7877737c70}</UniqueIdentifier>
    </Filter>
    <Filter Include="Source Files\utilities">
      <UniqueIdentifier>{6ff18ae1-66ea-408f-a12b-e06976d889af}</UniqueIdentifier>
    </Filter>
    <Filter Include="Source Files\utilities\ezmAssert">
      <UniqueIdentifier>{8607bce4-30a1-4650-99e7-18893553967f}</UniqueIdentifier>
    </Filter>
    <Filter Include="Source Files\utilities\hexdump">
      <UniqueIdentifier>{5b36ecd0-de44-425b-944c-a04fd9d1d396}</UniqueIdentifier>
    </Filter>
    <Filter Include="Source Files\utilities\linked_list">
      <UniqueIdentifier>{d1f9805a-a55a-4874-8d02-3412c9b14378}</UniqueIdentifier>
    </Filter>
    <Filter Include="Source Files\utilities\ring_buffer">
      <UniqueIdentifier>{f4bfc553-45c3-4819-9790-df6548e52788}</UniqueIdentifier>
    </Filter>
    <Filter Include="Source Files\utilities\smalloc">
      <UniqueIdentifier>{bb18918c-82ff-4448-915b-5b73219450c4}</UniqueIdentifier>
    </Filter>
    <Filter Include="Source Files\utilities\stcmem">
      <UniqueIdentifier>{a0cb07a6-a579-449b-9957-d5c24d1feeb2}</UniqueIdentifier>
    </Filter>
    <Filter Include="Source Files\utilities\system_error">
      <UniqueIdentifier>{a58fff17-4b19-425d-a7af-5155a1dea7cf}</UniqueIdentifier>
    </Filter>
    <Filter Include="Source Files\utilities\logging">
      <UniqueIdentifier>{e9175cfd-dcaf-4f6b-996d-57d836f97ca8}</UniqueIdentifier>
    </Filter>
    <Filter Include="Source Files\utilities\event_notifier">
      <UniqueIdentifier>{b574796a-873a-4b17-8a84-aa9441d74fde}</UniqueIdentifier>
    </Filter>
    <Filter Include="Source Files\hal\wifi_controller">
      <UniqueIdentifier>{87478664-5f06-4850-a870-1e4d1c6de227}</UniqueIdentifier>
    </Filter>
    <Filter Include="Source Files\platforms\simulator\wifi_controller">
      <UniqueIdentifier>{e22d2d1a-04cd-49d5-a36f-8d690676e4e3}</UniqueIdentifier>
    </Filter>
    <Filter Include="Source Files\data_model">
      <UniqueIdentifier>{c3aa923c-9a1e-4821-a507-fac2276a594e}</UniqueIdentifier>
    </Filter>
    <Filter Include="Source Files\hal\network">
      <UniqueIdentifier>{c34528df-c9c8-49d2-a43e-c08000f0a993}</UniqueIdentifier>
    </Filter>
    <Filter Include="Source Files\hal\network\mqtt">
      <UniqueIdentifier>{498cd2f0-144a-4735-ad03-c76321eb65ac}</UniqueIdentifier>
    </Filter>
    <Filter Include="Source Files\platforms\simulator\virtual_com">
      <UniqueIdentifier>{b68afd2d-9d83-480e-b6b5-04900f630c47}</UniqueIdentifier>
    </Filter>
    <Filter Include="Source Files\configuration">
      <UniqueIdentifier>{3b175494-d5cb-4d6c-a0b1-7c7e3feb7725}</UniqueIdentifier>
    </Filter>
    <Filter Include="Source Files\utilities\ez_queue">
      <UniqueIdentifier>{03beacfa-b5da-4f78-b497-b27e20bf8cb5}</UniqueIdentifier>
    </Filter>
    <Filter Include="Source Files\unity_test_platform">
      <UniqueIdentifier>{1983f70a-4112-48a9-8107-edba02b201a6}</UniqueIdentifier>
    </Filter>
    <Filter Include="Source Files\utilities\ez_queue\test">
      <UniqueIdentifier>{8397988e-fa5f-4962-8dde-87be7bc776d5}</UniqueIdentifier>
    </Filter>
    <Filter Include="Source Files\ezRpc">
      <UniqueIdentifier>{c8aeff40-0b1b-41da-ad4d-20d0f395610e}</UniqueIdentifier>
    </Filter>
    <Filter Include="Source Files\ezRpc\test">
      <UniqueIdentifier>{3c8f6499-9bec-42ed-ac68-b610eea5198b}</UniqueIdentifier>
    </Filter>
  </ItemGroup>
  <ItemGroup>
    <ClCompile Include="..\..\ezmsdk\app\app.c">
      <Filter>Source Files\app</Filter>
    </ClCompile>
    <ClCompile Include="..\..\ezmsdk\binCmdParser\binCmdParser.c">
      <Filter>Source Files\binCmdParser</Filter>
    </ClCompile>
    <ClCompile Include="..\..\ezmsdk\cli\cli.c">
      <Filter>Source Files\cli</Filter>
    </ClCompile>
    <ClCompile Include="..\..\ezmsdk\ezmIpc\ezmIpc.c">
      <Filter>Source Files\ezmIpc</Filter>
    </ClCompile>
    <ClCompile Include="..\..\ezmsdk\statemachine\statemachine.c">
      <Filter>Source Files\statemachine</Filter>
    </ClCompile>
    <ClCompile Include="..\..\ezmsdk\scheduler\scheduler.c">
      <Filter>Source Files\scheduler</Filter>
    </ClCompile>
    <ClCompile Include="..\..\ezmsdk\hal\uart\uart.c">
      <Filter>Source Files\hal\uart</Filter>
    </ClCompile>
    <ClCompile Include="..\..\ezmsdk\ezmKernel\ezmKernel.c">
      <Filter>Source Files\ezmKernel</Filter>
    </ClCompile>
    <ClCompile Include="..\..\ezmsdk\ezmDriver\driver.c">
      <Filter>Source Files\ezmDriver</Filter>
    </ClCompile>
    <ClCompile Include="..\..\ezmsdk\ezmDriver\dummy_driver.c">
      <Filter>Source Files\ezmDriver</Filter>
    </ClCompile>
    <ClCompile Include="..\..\ezmsdk\ezmDebug\ezmDebug.c">
      <Filter>Source Files\ezmDebug</Filter>
    </ClCompile>
    <ClCompile Include="..\..\ezmsdk\platforms\simulator\flash\flash_simulator.c">
      <Filter>Source Files\platforms\simulator\flash</Filter>
    </ClCompile>
    <ClCompile Include="..\..\ezmsdk\platforms\simulator\uart\uart_sim.c">
      <Filter>Source Files\platforms\simulator\uart</Filter>
    </ClCompile>
    <ClCompile Include="..\..\ezmsdk\utilities\ezmAssert\ezmAssert.c">
      <Filter>Source Files\utilities\ezmAssert</Filter>
    </ClCompile>
    <ClCompile Include="..\..\ezmsdk\utilities\hexdump\hexdump.c">
      <Filter>Source Files\utilities\hexdump</Filter>
    </ClCompile>
    <ClCompile Include="..\..\ezmsdk\utilities\linked_list\linked_list.c">
      <Filter>Source Files\utilities\linked_list</Filter>
    </ClCompile>
    <ClCompile Include="..\..\ezmsdk\utilities\ring_buffer\ring_buffer.c">
      <Filter>Source Files\utilities\ring_buffer</Filter>
    </ClCompile>
    <ClCompile Include="..\..\ezmsdk\utilities\smalloc\smalloc.c">
      <Filter>Source Files\utilities\smalloc</Filter>
    </ClCompile>
    <ClCompile Include="..\..\ezmsdk\utilities\stcmem\stcmem.c">
      <Filter>Source Files\utilities\stcmem</Filter>
    </ClCompile>
    <ClCompile Include="..\..\ezmsdk\utilities\system_error\system_error.c">
      <Filter>Source Files\utilities\system_error</Filter>
    </ClCompile>
    <ClCompile Include="..\..\ezmsdk\utilities\logging\logging.c">
      <Filter>Source Files\utilities\logging</Filter>
    </ClCompile>
    <ClCompile Include="..\..\ezmsdk\utilities\event_notifier\event_notifier.c">
      <Filter>Source Files\utilities\event_notifier</Filter>
    </ClCompile>
    <ClCompile Include="..\..\ezmsdk\hal\wifi_controller\wifi_controller.c">
      <Filter>Source Files\hal\wifi_controller</Filter>
    </ClCompile>
    <ClCompile Include="..\..\ezmsdk\platforms\simulator\wifi_controller\wifi_controller_sim.c">
      <Filter>Source Files\platforms\simulator\wifi_controller</Filter>
    </ClCompile>
    <ClCompile Include="..\..\ezmsdk\data_model\data_model.c">
      <Filter>Source Files\data_model</Filter>
    </ClCompile>
    <ClCompile Include="..\..\ezmsdk\hal\network\mqtt\mqtt.c">
      <Filter>Source Files\hal\network\mqtt</Filter>
    </ClCompile>
    <ClCompile Include="..\..\ezmsdk\platforms\simulator\virtual_com\virtual_com_driver.c">
      <Filter>Source Files\platforms\simulator\virtual_com</Filter>
    </ClCompile>
    <ClCompile Include="..\..\ezmsdk\utilities\ez_queue\ez_queue.c">
      <Filter>Source Files\utilities\ez_queue</Filter>
    </ClCompile>
    <ClCompile Include="..\..\ezmsdk\unity_test_platform\unity.c">
      <Filter>Source Files\unity_test_platform</Filter>
    </ClCompile>
    <ClCompile Include="..\..\ezmsdk\utilities\ez_queue\test\test_ez_queue.c">
      <Filter>Source Files\utilities\ez_queue\test</Filter>
    </ClCompile>
    <ClCompile Include="..\..\ezmsdk\unity_test_platform\unity_test_setup.c">
      <Filter>Source Files\unity_test_platform</Filter>
    </ClCompile>
    <ClCompile Include="..\..\ezmsdk\app\app_embedded_emulator.c">
      <Filter>Source Files\app</Filter>
    </ClCompile>
    <ClCompile Include="main.c">
      <Filter>Source Files</Filter>
    </ClCompile>
    <ClCompile Include="..\..\ezmsdk\ezRpc\ezRpc.c">
      <Filter>Source Files\ezRpc</Filter>
    </ClCompile>
    <ClCompile Include="..\..\ezmsdk\unity_test_platform\unity_fixture.c">
      <Filter>Source Files\unity_test_platform</Filter>
    </ClCompile>
    <ClCompile Include="..\..\ezmsdk\unity_test_platform\unity_memory.c">
      <Filter>Source Files\unity_test_platform</Filter>
    </ClCompile>
    <ClCompile Include="..\..\ezmsdk\ezRpc\test\Test_ezRpc_Runner.c">
      <Filter>Source Files\ezRpc\test</Filter>
    </ClCompile>
    <ClCompile Include="..\..\ezmsdk\ezRpc\test\Test_ezRpc.c">
      <Filter>Source Files\ezRpc\test</Filter>
    </ClCompile>
  </ItemGroup>
  <ItemGroup>
    <ClInclude Include="..\..\ezmsdk\app\app.h">
      <Filter>Source Files\app</Filter>
    </ClInclude>
    <ClInclude Include="..\..\ezmsdk\app\app_config.h">
      <Filter>Source Files\app</Filter>
    </ClInclude>
    <ClInclude Include="..\..\ezmsdk\binCmdParser\binCmdParser.h">
      <Filter>Source Files\binCmdParser</Filter>
    </ClInclude>
    <ClInclude Include="..\..\ezmsdk\cli\cli.h">
      <Filter>Source Files\cli</Filter>
    </ClInclude>
    <ClInclude Include="..\..\ezmsdk\ezmDebug\config.h">
      <Filter>Source Files\ezmDebug</Filter>
    </ClInclude>
    <ClInclude Include="..\..\ezmsdk\ezmDebug\ezmDebug.h">
      <Filter>Source Files\ezmDebug</Filter>
    </ClInclude>
    <ClInclude Include="..\..\ezmsdk\ezmIpc\ezmIpc.h">
      <Filter>Source Files\ezmIpc</Filter>
    </ClInclude>
    <ClInclude Include="..\..\ezmsdk\ezmIpc\ezmIpc_conf.h">
      <Filter>Source Files\ezmIpc</Filter>
    </ClInclude>
    <ClInclude Include="..\..\ezmsdk\statemachine\statemachine.h">
      <Filter>Source Files\statemachine</Filter>
    </ClInclude>
    <ClInclude Include="..\..\ezmsdk\scheduler\scheduler.h">
      <Filter>Source Files\scheduler</Filter>
    </ClInclude>
    <ClInclude Include="..\..\ezmsdk\hal\uart\uart.h">
      <Filter>Source Files\hal\uart</Filter>
    </ClInclude>
    <ClInclude Include="..\..\ezmsdk\ezmKernel\ezmKernel.h">
      <Filter>Source Files\ezmKernel</Filter>
    </ClInclude>
    <ClInclude Include="..\..\ezmsdk\ezmDriver\driver.h">
      <Filter>Source Files\ezmDriver</Filter>
    </ClInclude>
    <ClInclude Include="..\..\ezmsdk\ezmDriver\dummy_driver.h">
      <Filter>Source Files\ezmDriver</Filter>
    </ClInclude>
    <ClInclude Include="..\..\ezmsdk\platforms\simulator\flash\flash_simulator.h">
      <Filter>Source Files\platforms\simulator\flash</Filter>
    </ClInclude>
    <ClInclude Include="..\..\ezmsdk\platforms\simulator\uart\uart_sim.h">
      <Filter>Source Files\platforms\simulator\uart</Filter>
    </ClInclude>
    <ClInclude Include="..\..\ezmsdk\utilities\ezmAssert\ezmAssert.h">
      <Filter>Source Files\utilities\ezmAssert</Filter>
    </ClInclude>
    <ClInclude Include="..\..\ezmsdk\utilities\hexdump\hexdump.h">
      <Filter>Source Files\utilities\hexdump</Filter>
    </ClInclude>
    <ClInclude Include="..\..\ezmsdk\utilities\linked_list\linked_list.h">
      <Filter>Source Files\utilities\linked_list</Filter>
    </ClInclude>
    <ClInclude Include="..\..\ezmsdk\utilities\ring_buffer\ring_buffer.h">
      <Filter>Source Files\utilities\ring_buffer</Filter>
    </ClInclude>
    <ClInclude Include="..\..\ezmsdk\utilities\smalloc\smalloc.h">
      <Filter>Source Files\utilities\smalloc</Filter>
    </ClInclude>
    <ClInclude Include="..\..\ezmsdk\utilities\stcmem\stcmem.h">
      <Filter>Source Files\utilities\stcmem</Filter>
    </ClInclude>
    <ClInclude Include="..\..\ezmsdk\utilities\system_error\system_error.h">
      <Filter>Source Files\utilities\system_error</Filter>
    </ClInclude>
    <ClInclude Include="..\..\ezmsdk\utilities\system_error\system_error_table.h">
      <Filter>Source Files\utilities\system_error</Filter>
    </ClInclude>
    <ClInclude Include="..\..\ezmsdk\utilities\logging\logging.h">
      <Filter>Source Files\utilities\logging</Filter>
    </ClInclude>
    <ClInclude Include="..\..\ezmsdk\utilities\event_notifier\event_notifier.h">
      <Filter>Source Files\utilities\event_notifier</Filter>
    </ClInclude>
    <ClInclude Include="..\..\ezmsdk\hal\wifi_controller\wifi_controller.h">
      <Filter>Source Files\hal\wifi_controller</Filter>
    </ClInclude>
    <ClInclude Include="..\..\ezmsdk\platforms\simulator\wifi_controller\wifi_controller_sim.h">
      <Filter>Source Files\platforms\simulator\wifi_controller</Filter>
    </ClInclude>
    <ClInclude Include="..\..\ezmsdk\data_model\data_model.h">
      <Filter>Source Files\data_model</Filter>
    </ClInclude>
    <ClInclude Include="..\..\ezmsdk\hal\network\mqtt\mqtt.h">
      <Filter>Source Files\hal\network\mqtt</Filter>
    </ClInclude>
    <ClInclude Include="..\..\ezmsdk\platforms\simulator\virtual_com\virtual_com_driver.h">
      <Filter>Source Files\platforms\simulator\virtual_com</Filter>
    </ClInclude>
    <ClInclude Include="..\..\ezmsdk\configuration\sdkconfig.h">
      <Filter>Source Files\configuration</Filter>
    </ClInclude>
    <ClInclude Include="..\..\ezmsdk\unity_test_platform\unity.h">
      <Filter>Source Files\unity_test_platform</Filter>
    </ClInclude>
    <ClInclude Include="..\..\ezmsdk\unity_test_platform\unity_internals.h">
      <Filter>Source Files\unity_test_platform</Filter>
    </ClInclude>
    <ClInclude Include="..\..\ezmsdk\utilities\ez_queue\ez_queue.h">
      <Filter>Source Files\utilities\ez_queue</Filter>
    </ClInclude>
    <ClInclude Include="..\..\ezmsdk\unity_test_platform\unity_test_setup.h">
      <Filter>Source Files\unity_test_platform</Filter>
    </ClInclude>
    <ClInclude Include="..\..\ezmsdk\app\app_embedded_emulator.h">
      <Filter>Source Files\app</Filter>
    </ClInclude>
    <ClInclude Include="..\..\ezmsdk\ezRpc\ezRpc.h">
      <Filter>Source Files\ezRpc</Filter>
    </ClInclude>
    <ClInclude Include="..\..\ezmsdk\unity_test_platform\unity_fixture.h">
      <Filter>Source Files\unity_test_platform</Filter>
    </ClInclude>
    <ClInclude Include="..\..\ezmsdk\unity_test_platform\unity_fixture_internals.h">
      <Filter>Source Files\unity_test_platform</Filter>
    </ClInclude>
    <ClInclude Include="..\..\ezmsdk\unity_test_platform\unity_memory.h">
      <Filter>Source Files\unity_test_platform</Filter>
    </ClInclude>
  </ItemGroup>
  <ItemGroup>
    <None Include="..\..\ezmsdk\configuration\Kconfig">
      <Filter>Source Files\configuration</Filter>
    </None>
  </ItemGroup>
</Project>